<?xml version="1.0" encoding="utf-8"?>
<Project ToolsVersion="4.0" xmlns="http://schemas.microsoft.com/developer/msbuild/2003">
  <ItemGroup>
    <ClInclude Include="integration_methods.h" />
    <ClInclude Include="matrix_class.h" />
    <ClInclude Include="polynom_class.h" />
    <ClInclude Include="solvers.h" />
    <ClInclude Include="stdafx.h" />
    <ClInclude Include="alglibinternal.h" />
    <ClInclude Include="alglibmisc.h" />
    <ClInclude Include="ap.h" />
    <ClInclude Include="linalg.h" />
  </ItemGroup>
  <ItemGroup>
    <ClCompile Include="solvers.cpp" />
    <ClCompile Include="main.cpp" />
    <ClCompile Include="alglibinternal.cpp" />
    <ClCompile Include="alglibmisc.cpp" />
    <ClCompile Include="ap.cpp" />
    <ClCompile Include="linalg.cpp" />
  </ItemGroup>
  <ItemGroup>
    <Text Include="LICENSE.txt" />
  </ItemGroup>
  <ItemGroup>
    <None Include=".gitignore" />
    <None Include=".gitattributes" />
  </ItemGroup>
</Project>